
Microsoft Visual Studio Solution File, Format Version 12.00
# Visual Studio Version 17
VisualStudioVersion = 17.0.31903.59
MinimumVisualStudioVersion = 10.0.40219.1
Project("{FAE04EC0-301F-11D3-BF4B-00C04F79EFBC}") = "APICompras", "APICompras\APICompras.csproj", "{982A810E-6A78-445F-8CB6-D23430EFE7D8}"
EndProject
Project("{FAE04EC0-301F-11D3-BF4B-00C04F79EFBC}") = "APIComprasTest", "APIComprasTest\APIComprasTest.csproj", "{8C85B054-1A99-4190-9F84-B190FC18192E}"
EndProject
Global
	GlobalSection(SolutionConfigurationPlatforms) = preSolution
		Debug|Any CPU = Debug|Any CPU
		Release|Any CPU = Release|Any CPU
	EndGlobalSection
	GlobalSection(ProjectConfigurationPlatforms) = postSolution
		{982A810E-6A78-445F-8CB6-D23430EFE7D8}.Debug|Any CPU.ActiveCfg = Debug|Any CPU
		{982A810E-6A78-445F-8CB6-D23430EFE7D8}.Debug|Any CPU.Build.0 = Debug|Any CPU
		{982A810E-6A78-445F-8CB6-D23430EFE7D8}.Release|Any CPU.ActiveCfg = Release|Any CPU
		{982A810E-6A78-445F-8CB6-D23430EFE7D8}.Release|Any CPU.Build.0 = Release|Any CPU
		{8C85B054-1A99-4190-9F84-B190FC18192E}.Debug|Any CPU.ActiveCfg = Debug|Any CPU
		{8C85B054-1A99-4190-9F84-B190FC18192E}.Debug|Any CPU.Build.0 = Debug|Any CPU
		{8C85B054-1A99-4190-9F84-B190FC18192E}.Release|Any CPU.ActiveCfg = Release|Any CPU
		{8C85B054-1A99-4190-9F84-B190FC18192E}.Release|Any CPU.Build.0 = Release|Any CPU
	EndGlobalSection
	GlobalSection(SolutionProperties) = preSolution
		HideSolutionNode = FALSE
	EndGlobalSection
	GlobalSection(ExtensibilityGlobals) = postSolution
		SolutionGuid = {687D41F1-3E37-406E-A563-490B40075C59}
	EndGlobalSection
EndGlobal
